// !$*UTF8*$!
{
	archiveVersion = 1;
	classes = {
	};
	objectVersion = 77;
	objects = {

/* Begin PBXBuildFile section */
		2E801D8794A34D51D7026AEB /* PencilCanvasView.swift in Sources */ = {isa = PBXBuildFile; fileRef = 05BBEB8039ECD870162B4D27 /* PencilCanvasView.swift */; };
		4976182C42DE594AEC317F49 /* CanvasTool.swift in Sources */ = {isa = PBXBuildFile; fileRef = 9263F5D08CE5E8A278B8A656 /* CanvasTool.swift */; };
		8F7319B6D9C437AE54AF09B4 /* CanvasDocumentStoreTests.swift in Sources */ = {isa = PBXBuildFile; fileRef = 48179810E29A3E6AFB338110 /* CanvasDocumentStoreTests.swift */; };
		AB1C2B313DF3F7FD8C9D41BE /* CanvasViewModel.swift in Sources */ = {isa = PBXBuildFile; fileRef = FFED83D6E48B3FCB5B9C4A75 /* CanvasViewModel.swift */; };
		CD899F1AA0CDDE4DB3231262 /* Dim0NativeApp.swift in Sources */ = {isa = PBXBuildFile; fileRef = ADA1548F18C89CB2F3686A39 /* Dim0NativeApp.swift */; };
		DC8DAC1FEDA6BE8F2A908DFC /* CanvasDocumentStore.swift in Sources */ = {isa = PBXBuildFile; fileRef = 1F1759C6A14F59B1B1EEB86E /* CanvasDocumentStore.swift */; };
		F684FA2C0BE1BF72BBB5B8AB /* PencilCanvasRepresentable.swift in Sources */ = {isa = PBXBuildFile; fileRef = 90907EE90538C2B06CBB4012 /* PencilCanvasRepresentable.swift */; };
		FBEF3ACE7701B2C51B80AFE5 /* CanvasScreen.swift in Sources */ = {isa = PBXBuildFile; fileRef = 40BE1BA68D2C8706351CBDA5 /* CanvasScreen.swift */; };
/* End PBXBuildFile section */

/* Begin PBXContainerItemProxy section */
		4E8BDB51D57789741E9CD8A7 /* PBXContainerItemProxy */ = {
			isa = PBXContainerItemProxy;
			containerPortal = 4BA85341BFA53EB4B2089A69 /* Project object */;
			proxyType = 1;
			remoteGlobalIDString = 1A50FBCEFB99F796D5A5F9D0;
			remoteInfo = Dim0Native;
		};
/* End PBXContainerItemProxy section */

/* Begin PBXFileReference section */
		00D1619F2A7048CCB692B9A4 /* Dim0NativeTests.xctest */ = {isa = PBXFileReference; includeInIndex = 0; lastKnownFileType = wrapper.cfbundle; path = Dim0NativeTests.xctest; sourceTree = BUILT_PRODUCTS_DIR; };
		05BBEB8039ECD870162B4D27 /* PencilCanvasView.swift */ = {isa = PBXFileReference; lastKnownFileType = sourcecode.swift; path = PencilCanvasView.swift; sourceTree = "<group>"; };
		1F1759C6A14F59B1B1EEB86E /* CanvasDocumentStore.swift */ = {isa = PBXFileReference; lastKnownFileType = sourcecode.swift; path = CanvasDocumentStore.swift; sourceTree = "<group>"; };
		40BE1BA68D2C8706351CBDA5 /* CanvasScreen.swift */ = {isa = PBXFileReference; lastKnownFileType = sourcecode.swift; path = CanvasScreen.swift; sourceTree = "<group>"; };
		48179810E29A3E6AFB338110 /* CanvasDocumentStoreTests.swift */ = {isa = PBXFileReference; lastKnownFileType = sourcecode.swift; path = CanvasDocumentStoreTests.swift; sourceTree = "<group>"; };
		90907EE90538C2B06CBB4012 /* PencilCanvasRepresentable.swift */ = {isa = PBXFileReference; lastKnownFileType = sourcecode.swift; path = PencilCanvasRepresentable.swift; sourceTree = "<group>"; };
		9263F5D08CE5E8A278B8A656 /* CanvasTool.swift */ = {isa = PBXFileReference; lastKnownFileType = sourcecode.swift; path = CanvasTool.swift; sourceTree = "<group>"; };
		A101A2F73267E3FF671D9E53 /* Dim0Native.app */ = {isa = PBXFileReference; includeInIndex = 0; lastKnownFileType = wrapper.application; path = Dim0Native.app; sourceTree = BUILT_PRODUCTS_DIR; };
		ADA1548F18C89CB2F3686A39 /* Dim0NativeApp.swift */ = {isa = PBXFileReference; lastKnownFileType = sourcecode.swift; path = Dim0NativeApp.swift; sourceTree = "<group>"; };
		FFED83D6E48B3FCB5B9C4A75 /* CanvasViewModel.swift */ = {isa = PBXFileReference; lastKnownFileType = sourcecode.swift; path = CanvasViewModel.swift; sourceTree = "<group>"; };
/* End PBXFileReference section */

/* Begin PBXGroup section */
		1ACECD1A2F8367B600ED6A12 /* Persistence */ = {
			isa = PBXGroup;
			children = (
				1F1759C6A14F59B1B1EEB86E /* CanvasDocumentStore.swift */,
			);
			path = Persistence;
			sourceTree = "<group>";
		};
		2B5E6CB6A1AB95686A12FAED /* Products */ = {
			isa = PBXGroup;
			children = (
				A101A2F73267E3FF671D9E53 /* Dim0Native.app */,
				00D1619F2A7048CCB692B9A4 /* Dim0NativeTests.xctest */,
			);
			name = Products;
			sourceTree = "<group>";
		};
		46EE3D0861883F0B99AC7877 = {
			isa = PBXGroup;
			children = (
				D789895FD8CE083F37F94CC3 /* ios-native */,
				2B5E6CB6A1AB95686A12FAED /* Products */,
			);
			sourceTree = "<group>";
		};
		716E26D0043F557DBF68EEFD /* Core */ = {
			isa = PBXGroup;
			children = (
				1ACECD1A2F8367B600ED6A12 /* Persistence */,
			);
			path = Core;
			sourceTree = "<group>";
		};
		8AE2BB5C6729F18E6E2FA7F3 /* Dim0NativeTests */ = {
			isa = PBXGroup;
			children = (
				48179810E29A3E6AFB338110 /* CanvasDocumentStoreTests.swift */,
			);
			path = Dim0NativeTests;
			sourceTree = "<group>";
		};
		C7C61182260C98810D017B9D /* App */ = {
			isa = PBXGroup;
			children = (
				ADA1548F18C89CB2F3686A39 /* Dim0NativeApp.swift */,
			);
			path = App;
			sourceTree = "<group>";
		};
		D789895FD8CE083F37F94CC3 /* ios-native */ = {
			isa = PBXGroup;
			children = (
				FF5E1896E0007D805AFC102A /* Dim0Native */,
				8AE2BB5C6729F18E6E2FA7F3 /* Dim0NativeTests */,
			);
			name = "ios-native";
			path = ..;
			sourceTree = "<group>";
		};
		DFD9FE70E44838E0654C7815 /* Features */ = {
			isa = PBXGroup;
			children = (
				E74C68DC10EF6ED1CDD1895B /* Canvas */,
			);
			path = Features;
			sourceTree = "<group>";
		};
		E74C68DC10EF6ED1CDD1895B /* Canvas */ = {
			isa = PBXGroup;
			children = (
				40BE1BA68D2C8706351CBDA5 /* CanvasScreen.swift */,
				9263F5D08CE5E8A278B8A656 /* CanvasTool.swift */,
				FFED83D6E48B3FCB5B9C4A75 /* CanvasViewModel.swift */,
				90907EE90538C2B06CBB4012 /* PencilCanvasRepresentable.swift */,
				05BBEB8039ECD870162B4D27 /* PencilCanvasView.swift */,
			);
			path = Canvas;
			sourceTree = "<group>";
		};
		FF5E1896E0007D805AFC102A /* Dim0Native */ = {
			isa = PBXGroup;
			children = (
				C7C61182260C98810D017B9D /* App */,
				716E26D0043F557DBF68EEFD /* Core */,
				DFD9FE70E44838E0654C7815 /* Features */,
			);
			path = Dim0Native;
			sourceTree = "<group>";
		};
/* End PBXGroup section */

/* Begin PBXNativeTarget section */
		1A50FBCEFB99F796D5A5F9D0 /* Dim0Native */ = {
			isa = PBXNativeTarget;
			buildConfigurationList = AEF68D3C7DB3BBFE6193A4CC /* Build configuration list for PBXNativeTarget "Dim0Native" */;
			buildPhases = (
				2610279335A20D4F3C6BE32B /* Sources */,
			);
			buildRules = (
			);
			dependencies = (
			);
			name = Dim0Native;
			packageProductDependencies = (
			);
			productName = Dim0Native;
			productReference = A101A2F73267E3FF671D9E53 /* Dim0Native.app */;
			productType = "com.apple.product-type.application";
		};
		ED13AE610093A26A9DC64069 /* Dim0NativeTests */ = {
			isa = PBXNativeTarget;
			buildConfigurationList = 28B2AD077FAAC5E0774BBFDC /* Build configuration list for PBXNativeTarget "Dim0NativeTests" */;
			buildPhases = (
				18085CBD5C93DCD3E895B0CC /* Sources */,
			);
			buildRules = (
			);
			dependencies = (
				103499D3E734FBE2BE0F67BB /* PBXTargetDependency */,
			);
			name = Dim0NativeTests;
			packageProductDependencies = (
			);
			productName = Dim0NativeTests;
			productReference = 00D1619F2A7048CCB692B9A4 /* Dim0NativeTests.xctest */;
			productType = "com.apple.product-type.bundle.unit-test";
		};
/* End PBXNativeTarget section */

/* Begin PBXProject section */
		4BA85341BFA53EB4B2089A69 /* Project object */ = {
			isa = PBXProject;
			attributes = {
				BuildIndependentTargetsInParallel = YES;
				LastUpgradeCheck = 1430;
				TargetAttributes = {
					1A50FBCEFB99F796D5A5F9D0 = {
						DevelopmentTeam = N9SR79J574;
						ProvisioningStyle = Automatic;
					};
					ED13AE610093A26A9DC64069 = {
						DevelopmentTeam = N9SR79J574;
					};
				};
			};
			buildConfigurationList = 55FE7A26A8188839496AEE96 /* Build configuration list for PBXProject "Dim0Native" */;
			developmentRegion = en;
			hasScannedForEncodings = 0;
			knownRegions = (
				Base,
				en,
			);
			mainGroup = 46EE3D0861883F0B99AC7877;
			minimizedProjectReferenceProxies = 1;
			preferredProjectObjectVersion = 77;
			productRefGroup = 2B5E6CB6A1AB95686A12FAED /* Products */;
			projectDirPath = "";
			projectRoot = "";
			targets = (
				1A50FBCEFB99F796D5A5F9D0 /* Dim0Native */,
				ED13AE610093A26A9DC64069 /* Dim0NativeTests */,
			);
		};
/* End PBXProject section */

/* Begin PBXSourcesBuildPhase section */
		18085CBD5C93DCD3E895B0CC /* Sources */ = {
			isa = PBXSourcesBuildPhase;
			buildActionMask = 2147483647;
			files = (
				8F7319B6D9C437AE54AF09B4 /* CanvasDocumentStoreTests.swift in Sources */,
			);
			runOnlyForDeploymentPostprocessing = 0;
		};
		2610279335A20D4F3C6BE32B /* Sources */ = {
			isa = PBXSourcesBuildPhase;
			buildActionMask = 2147483647;
			files = (
				DC8DAC1FEDA6BE8F2A908DFC /* CanvasDocumentStore.swift in Sources */,
				FBEF3ACE7701B2C51B80AFE5 /* CanvasScreen.swift in Sources */,
				4976182C42DE594AEC317F49 /* CanvasTool.swift in Sources */,
				AB1C2B313DF3F7FD8C9D41BE /* CanvasViewModel.swift in Sources */,
				CD899F1AA0CDDE4DB3231262 /* Dim0NativeApp.swift in Sources */,
				F684FA2C0BE1BF72BBB5B8AB /* PencilCanvasRepresentable.swift in Sources */,
				2E801D8794A34D51D7026AEB /* PencilCanvasView.swift in Sources */,
			);
			runOnlyForDeploymentPostprocessing = 0;
		};
/* End PBXSourcesBuildPhase section */

/* Begin PBXTargetDependency section */
		103499D3E734FBE2BE0F67BB /* PBXTargetDependency */ = {
			isa = PBXTargetDependency;
			target = 1A50FBCEFB99F796D5A5F9D0 /* Dim0Native */;
			targetProxy = 4E8BDB51D57789741E9CD8A7 /* PBXContainerItemProxy */;
		};
/* End PBXTargetDependency section */

/* Begin XCBuildConfiguration section */
		159508C50BE367F5CAB5A68B /* Release */ = {
			isa = XCBuildConfiguration;
			buildSettings = {
				ALWAYS_SEARCH_USER_PATHS = NO;
				CLANG_ANALYZER_NONNULL = YES;
				CLANG_ANALYZER_NUMBER_OBJECT_CONVERSION = YES_AGGRESSIVE;
				CLANG_CXX_LANGUAGE_STANDARD = "gnu++14";
				CLANG_CXX_LIBRARY = "libc++";
				CLANG_ENABLE_MODULES = YES;
				CLANG_ENABLE_OBJC_ARC = YES;
				CLANG_ENABLE_OBJC_WEAK = YES;
				CLANG_WARN_BLOCK_CAPTURE_AUTORELEASING = YES;
				CLANG_WARN_BOOL_CONVERSION = YES;
				CLANG_WARN_COMMA = YES;
				CLANG_WARN_CONSTANT_CONVERSION = YES;
				CLANG_WARN_DEPRECATED_OBJC_IMPLEMENTATIONS = YES;
				CLANG_WARN_DIRECT_OBJC_ISA_USAGE = YES_ERROR;
				CLANG_WARN_DOCUMENTATION_COMMENTS = YES;
				CLANG_WARN_EMPTY_BODY = YES;
				CLANG_WARN_ENUM_CONVERSION = YES;
				CLANG_WARN_INFINITE_RECURSION = YES;
				CLANG_WARN_INT_CONVERSION = YES;
				CLANG_WARN_NON_LITERAL_NULL_CONVERSION = YES;
				CLANG_WARN_OBJC_IMPLICIT_RETAIN_SELF = YES;
				CLANG_WARN_OBJC_LITERAL_CONVERSION = YES;
				CLANG_WARN_OBJC_ROOT_CLASS = YES_ERROR;
				CLANG_WARN_QUOTED_INCLUDE_IN_FRAMEWORK_HEADER = YES;
				CLANG_WARN_RANGE_LOOP_ANALYSIS = YES;
				CLANG_WARN_STRICT_PROTOTYPES = YES;
				CLANG_WARN_SUSPICIOUS_MOVE = YES;
				CLANG_WARN_UNGUARDED_AVAILABILITY = YES_AGGRESSIVE;
				CLANG_WARN_UNREACHABLE_CODE = YES;
				CLANG_WARN__DUPLICATE_METHOD_MATCH = YES;
				COPY_PHASE_STRIP = NO;
				DEBUG_INFORMATION_FORMAT = "dwarf-with-dsym";
				DEVELOPMENT_TEAM = N9SR79J574;
				ENABLE_NS_ASSERTIONS = NO;
				ENABLE_STRICT_OBJC_MSGSEND = YES;
				GCC_C_LANGUAGE_STANDARD = gnu11;
				GCC_NO_COMMON_BLOCKS = YES;
				GCC_WARN_64_TO_32_BIT_CONVERSION = YES;
				GCC_WARN_ABOUT_RETURN_TYPE = YES_ERROR;
				GCC_WARN_UNDECLARED_SELECTOR = YES;
				GCC_WARN_UNINITIALIZED_AUTOS = YES_AGGRESSIVE;
				GCC_WARN_UNUSED_FUNCTION = YES;
				GCC_WARN_UNUSED_VARIABLE = YES;
				IPHONEOS_DEPLOYMENT_TARGET = 17.0;
				MTL_ENABLE_DEBUG_INFO = NO;
				MTL_FAST_MATH = YES;
				PRODUCT_NAME = "$(TARGET_NAME)";
				SDKROOT = iphoneos;
				SWIFT_COMPILATION_MODE = wholemodule;
				SWIFT_OPTIMIZATION_LEVEL = "-O";
				SWIFT_VERSION = 5.10;
			};
			name = Release;
		};
		2860B58680E6C9635321A045 /* Debug */ = {
			isa = XCBuildConfiguration;
			buildSettings = {
				ASSETCATALOG_COMPILER_APPICON_NAME = AppIcon;
				CODE_SIGN_IDENTITY = "iPhone Developer";
				CODE_SIGN_STYLE = Automatic;
				GENERATE_INFOPLIST_FILE = YES;
				INFOPLIST_KEY_CFBundleDisplayName = Dim0;
				INFOPLIST_KEY_UIApplicationSceneManifest_Generation = YES;
				INFOPLIST_KEY_UILaunchScreen_Generation = YES;
				INFOPLIST_KEY_UISupportedInterfaceOrientations_iPad = "UIInterfaceOrientationPortrait UIInterfaceOrientationPortraitUpsideDown UIInterfaceOrientationLandscapeLeft UIInterfaceOrientationLandscapeRight";
				LD_RUNPATH_SEARCH_PATHS = (
					"$(inherited)",
					"@executable_path/Frameworks",
				);
				PRODUCT_BUNDLE_IDENTIFIER = com.dim0.canvas;
				PRODUCT_MODULE_NAME = Dim0Native;
				SDKROOT = iphoneos;
				SUPPORTS_MACCATALYST = NO;
				TARGETED_DEVICE_FAMILY = 2;
			};
			name = Debug;
		};
		64565BD7EE234565C8C8ADC2 /* Release */ = {
			isa = XCBuildConfiguration;
			buildSettings = {
				BUNDLE_LOADER = "$(TEST_HOST)";
				CODE_SIGNING_ALLOWED = NO;
				GENERATE_INFOPLIST_FILE = YES;
				LD_RUNPATH_SEARCH_PATHS = (
					"$(inherited)",
					"@executable_path/Frameworks",
					"@loader_path/Frameworks",
				);
				PRODUCT_BUNDLE_IDENTIFIER = com.dim0.canvas.tests;
				SDKROOT = iphoneos;
				TARGETED_DEVICE_FAMILY = "1,2";
				TEST_HOST = "$(BUILT_PRODUCTS_DIR)/Dim0Native.app/Dim0Native";
			};
			name = Release;
		};
		995D99D499FFCF439F34C4ED /* Release */ = {
			isa = XCBuildConfiguration;
			buildSettings = {
				ASSETCATALOG_COMPILER_APPICON_NAME = AppIcon;
				CODE_SIGN_IDENTITY = "iPhone Developer";
				CODE_SIGN_STYLE = Automatic;
				GENERATE_INFOPLIST_FILE = YES;
				INFOPLIST_KEY_CFBundleDisplayName = Dim0;
				INFOPLIST_KEY_UIApplicationSceneManifest_Generation = YES;
				INFOPLIST_KEY_UILaunchScreen_Generation = YES;
				INFOPLIST_KEY_UISupportedInterfaceOrientations_iPad = "UIInterfaceOrientationPortrait UIInterfaceOrientationPortraitUpsideDown UIInterfaceOrientationLandscapeLeft UIInterfaceOrientationLandscapeRight";
				LD_RUNPATH_SEARCH_PATHS = (
					"$(inherited)",
					"@executable_path/Frameworks",
				);
				PRODUCT_BUNDLE_IDENTIFIER = com.dim0.canvas;
				PRODUCT_MODULE_NAME = Dim0Native;
				SDKROOT = iphoneos;
				SUPPORTS_MACCATALYST = NO;
				TARGETED_DEVICE_FAMILY = 2;
			};
			name = Release;
		};
		DD877E591372DD9279F138A3 /* Debug */ = {
			isa = XCBuildConfiguration;
			buildSettings = {
				ALWAYS_SEARCH_USER_PATHS = NO;
				CLANG_ANALYZER_NONNULL = YES;
				CLANG_ANALYZER_NUMBER_OBJECT_CONVERSION = YES_AGGRESSIVE;
				CLANG_CXX_LANGUAGE_STANDARD = "gnu++14";
				CLANG_CXX_LIBRARY = "libc++";
				CLANG_ENABLE_MODULES = YES;
				CLANG_ENABLE_OBJC_ARC = YES;
				CLANG_ENABLE_OBJC_WEAK = YES;
				CLANG_WARN_BLOCK_CAPTURE_AUTORELEASING = YES;
				CLANG_WARN_BOOL_CONVERSION = YES;
				CLANG_WARN_COMMA = YES;
				CLANG_WARN_CONSTANT_CONVERSION = YES;
				CLANG_WARN_DEPRECATED_OBJC_IMPLEMENTATIONS = YES;
				CLANG_WARN_DIRECT_OBJC_ISA_USAGE = YES_ERROR;
				CLANG_WARN_DOCUMENTATION_COMMENTS = YES;
				CLANG_WARN_EMPTY_BODY = YES;
				CLANG_WARN_ENUM_CONVERSION = YES;
				CLANG_WARN_INFINITE_RECURSION = YES;
				CLANG_WARN_INT_CONVERSION = YES;
				CLANG_WARN_NON_LITERAL_NULL_CONVERSION = YES;
				CLANG_WARN_OBJC_IMPLICIT_RETAIN_SELF = YES;
				CLANG_WARN_OBJC_LITERAL_CONVERSION = YES;
				CLANG_WARN_OBJC_ROOT_CLASS = YES_ERROR;
				CLANG_WARN_QUOTED_INCLUDE_IN_FRAMEWORK_HEADER = YES;
				CLANG_WARN_RANGE_LOOP_ANALYSIS = YES;
				CLANG_WARN_STRICT_PROTOTYPES = YES;
				CLANG_WARN_SUSPICIOUS_MOVE = YES;
				CLANG_WARN_UNGUARDED_AVAILABILITY = YES_AGGRESSIVE;
				CLANG_WARN_UNREACHABLE_CODE = YES;
				CLANG_WARN__DUPLICATE_METHOD_MATCH = YES;
				COPY_PHASE_STRIP = NO;
				DEBUG_INFORMATION_FORMAT = dwarf;
				DEVELOPMENT_TEAM = N9SR79J574;
				ENABLE_STRICT_OBJC_MSGSEND = YES;
				ENABLE_TESTABILITY = YES;
				GCC_C_LANGUAGE_STANDARD = gnu11;
				GCC_DYNAMIC_NO_PIC = NO;
				GCC_NO_COMMON_BLOCKS = YES;
				GCC_OPTIMIZATION_LEVEL = 0;
				GCC_PREPROCESSOR_DEFINITIONS = (
					"$(inherited)",
					"DEBUG=1",
				);
				GCC_WARN_64_TO_32_BIT_CONVERSION = YES;
				GCC_WARN_ABOUT_RETURN_TYPE = YES_ERROR;
				GCC_WARN_UNDECLARED_SELECTOR = YES;
				GCC_WARN_UNINITIALIZED_AUTOS = YES_AGGRESSIVE;
				GCC_WARN_UNUSED_FUNCTION = YES;
				GCC_WARN_UNUSED_VARIABLE = YES;
				IPHONEOS_DEPLOYMENT_TARGET = 17.0;
				MTL_ENABLE_DEBUG_INFO = INCLUDE_SOURCE;
				MTL_FAST_MATH = YES;
				ONLY_ACTIVE_ARCH = YES;
				PRODUCT_NAME = "$(TARGET_NAME)";
				SDKROOT = iphoneos;
				SWIFT_ACTIVE_COMPILATION_CONDITIONS = DEBUG;
				SWIFT_OPTIMIZATION_LEVEL = "-Onone";
				SWIFT_VERSION = 5.10;
			};
			name = Debug;
		};
		E1AA8F8F455410FBD34974AF /* Debug */ = {
			isa = XCBuildConfiguration;
			buildSettings = {
				BUNDLE_LOADER = "$(TEST_HOST)";
				CODE_SIGNING_ALLOWED = NO;
				GENERATE_INFOPLIST_FILE = YES;
				LD_RUNPATH_SEARCH_PATHS = (
					"$(inherited)",
					"@executable_path/Frameworks",
					"@loader_path/Frameworks",
				);
				PRODUCT_BUNDLE_IDENTIFIER = com.dim0.canvas.tests;
				SDKROOT = iphoneos;
				TARGETED_DEVICE_FAMILY = "1,2";
				TEST_HOST = "$(BUILT_PRODUCTS_DIR)/Dim0Native.app/Dim0Native";
			};
			name = Debug;
		};
/* End XCBuildConfiguration section */

/* Begin XCConfigurationList section */
		28B2AD077FAAC5E0774BBFDC /* Build configuration list for PBXNativeTarget "Dim0NativeTests" */ = {
			isa = XCConfigurationList;
			buildConfigurations = (
				E1AA8F8F455410FBD34974AF /* Debug */,
				64565BD7EE234565C8C8ADC2 /* Release */,
			);
			defaultConfigurationIsVisible = 0;
			defaultConfigurationName = Debug;
		};
		55FE7A26A8188839496AEE96 /* Build configuration list for PBXProject "Dim0Native" */ = {
			isa = XCConfigurationList;
			buildConfigurations = (
				DD877E591372DD9279F138A3 /* Debug */,
				159508C50BE367F5CAB5A68B /* Release */,
			);
			defaultConfigurationIsVisible = 0;
			defaultConfigurationName = Debug;
		};
		AEF68D3C7DB3BBFE6193A4CC /* Build configuration list for PBXNativeTarget "Dim0Native" */ = {
			isa = XCConfigurationList;
			buildConfigurations = (
				2860B58680E6C9635321A045 /* Debug */,
				995D99D499FFCF439F34C4ED /* Release */,
			);
			defaultConfigurationIsVisible = 0;
			defaultConfigurationName = Debug;
		};
/* End XCConfigurationList section */
	};
	rootObject = 4BA85341BFA53EB4B2089A69 /* Project object */;
}
